// !$*UTF8*$!
{
	archiveVersion = 1;
	classes = {
	};
	objectVersion = 51;
	objects = {

/* Begin PBXBuildFile section */
		527DAACB518703A713F9EFCC /* libPods-HXPoloHomeTests.a in Frameworks */ = {isa = PBXBuildFile; fileRef = 4DC7F0BC115FE0CDC303B09B /* libPods-HXPoloHomeTests.a */; };
		960B9DDD2351B0BF002B8730 /* UINavigationSXFixSpace.m in Sources */ = {isa = PBXBuildFile; fileRef = 960B9DDB2351B0BF002B8730 /* UINavigationSXFixSpace.m */; };
		961717D4232F86DC009B8A4A /* HXHomeTestController.m in Sources */ = {isa = PBXBuildFile; fileRef = 961717D3232F86DC009B8A4A /* HXHomeTestController.m */; };
		961717D72330AEE9009B8A4A /* HXFlowLayout.m in Sources */ = {isa = PBXBuildFile; fileRef = 961717D62330AEE9009B8A4A /* HXFlowLayout.m */; };
		964A3F7D233D9CBE00005835 /* HXWeakProxy.m in Sources */ = {isa = PBXBuildFile; fileRef = 964A3F7C233D9CBE00005835 /* HXWeakProxy.m */; };
		964A3F80233DA88700005835 /* HXInheritProxy.m in Sources */ = {isa = PBXBuildFile; fileRef = 964A3F7F233DA88700005835 /* HXInheritProxy.m */; };
		964A3F862340AF5900005835 /* HXWaterFlowLayout.m in Sources */ = {isa = PBXBuildFile; fileRef = 964A3F852340AF5900005835 /* HXWaterFlowLayout.m */; };
		96570A8D2213EED60040DE1B /* AppDelegate.m in Sources */ = {isa = PBXBuildFile; fileRef = 96570A8C2213EED60040DE1B /* AppDelegate.m */; };
		96570A952213EED70040DE1B /* Assets.xcassets in Resources */ = {isa = PBXBuildFile; fileRef = 96570A942213EED70040DE1B /* Assets.xcassets */; };
		96570A9B2213EED70040DE1B /* main.m in Sources */ = {isa = PBXBuildFile; fileRef = 96570A9A2213EED70040DE1B /* main.m */; };
		96570AA52213EED70040DE1B /* HXPoloHomeTests.m in Sources */ = {isa = PBXBuildFile; fileRef = 96570AA42213EED70040DE1B /* HXPoloHomeTests.m */; };
		96570AB02213EED70040DE1B /* HXPoloHomeUITests.m in Sources */ = {isa = PBXBuildFile; fileRef = 96570AAF2213EED70040DE1B /* HXPoloHomeUITests.m */; };
		96570AC02213FBC40040DE1B /* HXConsts.m in Sources */ = {isa = PBXBuildFile; fileRef = 96570ABF2213FBC40040DE1B /* HXConsts.m */; };
		9668615E229511D700081C47 /* UIViewController+HXNaviBar.m in Sources */ = {isa = PBXBuildFile; fileRef = 9668615D229511D700081C47 /* UIViewController+HXNaviBar.m */; };
		96686161229511ED00081C47 /* HXNavigationBar.m in Sources */ = {isa = PBXBuildFile; fileRef = 96686160229511ED00081C47 /* HXNavigationBar.m */; };
		966861642295120D00081C47 /* HXNavigationController.m in Sources */ = {isa = PBXBuildFile; fileRef = 966861632295120D00081C47 /* HXNavigationController.m */; };
		966861692295163800081C47 /* HXNFModel.m in Sources */ = {isa = PBXBuildFile; fileRef = 966861682295163800081C47 /* HXNFModel.m */; };
		9668616D2295165200081C47 /* HXNFView.m in Sources */ = {isa = PBXBuildFile; fileRef = 9668616C2295165200081C47 /* HXNFView.m */; };
		966861712295167D00081C47 /* HXNewFeatureController.m in Sources */ = {isa = PBXBuildFile; fileRef = 966861702295167D00081C47 /* HXNewFeatureController.m */; };
		96686176229516A400081C47 /* HXHomeController.m in Sources */ = {isa = PBXBuildFile; fileRef = 96686175229516A400081C47 /* HXHomeController.m */; };
		9668617A229516B600081C47 /* HXHomeView.m in Sources */ = {isa = PBXBuildFile; fileRef = 96686179229516B600081C47 /* HXHomeView.m */; };
		9668617E229516DB00081C47 /* HXHomeModel.m in Sources */ = {isa = PBXBuildFile; fileRef = 9668617D229516DB00081C47 /* HXHomeModel.m */; };
		96686181229517E400081C47 /* HXTabBarController.m in Sources */ = {isa = PBXBuildFile; fileRef = 96686180229517E400081C47 /* HXTabBarController.m */; };
		966861842295180100081C47 /* HXBaseNavigationController.m in Sources */ = {isa = PBXBuildFile; fileRef = 966861832295180100081C47 /* HXBaseNavigationController.m */; };
		96686189229518F200081C47 /* HXMeController.m in Sources */ = {isa = PBXBuildFile; fileRef = 96686188229518F200081C47 /* HXMeController.m */; };
		9668618D2295190200081C47 /* HXMeView.m in Sources */ = {isa = PBXBuildFile; fileRef = 9668618C2295190200081C47 /* HXMeView.m */; };
		966861912295191C00081C47 /* HXMeModel.m in Sources */ = {isa = PBXBuildFile; fileRef = 966861902295191C00081C47 /* HXMeModel.m */; };
		966861962295194100081C47 /* HXDiscoverController.m in Sources */ = {isa = PBXBuildFile; fileRef = 966861952295194100081C47 /* HXDiscoverController.m */; };
		9668619A2295195100081C47 /* HXDiscoverView.m in Sources */ = {isa = PBXBuildFile; fileRef = 966861992295195100081C47 /* HXDiscoverView.m */; };
		9668619E2295196200081C47 /* HXDiscoverModel.m in Sources */ = {isa = PBXBuildFile; fileRef = 9668619D2295196200081C47 /* HXDiscoverModel.m */; };
		966861A32295197E00081C47 /* HXMallController.m in Sources */ = {isa = PBXBuildFile; fileRef = 966861A22295197E00081C47 /* HXMallController.m */; };
		966861A72295199400081C47 /* HXMallView.m in Sources */ = {isa = PBXBuildFile; fileRef = 966861A62295199400081C47 /* HXMallView.m */; };
		966861AB229519AC00081C47 /* HXMallModel.m in Sources */ = {isa = PBXBuildFile; fileRef = 966861AA229519AC00081C47 /* HXMallModel.m */; };
		96AB2C822275438300470719 /* HXView.m in Sources */ = {isa = PBXBuildFile; fileRef = 96AB2C812275438300470719 /* HXView.m */; };
		96AB2C852275439700470719 /* HXBaseController.m in Sources */ = {isa = PBXBuildFile; fileRef = 96AB2C842275439700470719 /* HXBaseController.m */; };
		96AB2C88227543A100470719 /* HXModel.m in Sources */ = {isa = PBXBuildFile; fileRef = 96AB2C87227543A100470719 /* HXModel.m */; };
		96AB2C8F227543CF00470719 /* HXLoginModel.m in Sources */ = {isa = PBXBuildFile; fileRef = 96AB2C8E227543CF00470719 /* HXLoginModel.m */; };
		96AB2C92227543DA00470719 /* HXLoginView.m in Sources */ = {isa = PBXBuildFile; fileRef = 96AB2C91227543DA00470719 /* HXLoginView.m */; };
		96AB2C95227543E700470719 /* HXLoginController.m in Sources */ = {isa = PBXBuildFile; fileRef = 96AB2C94227543E700470719 /* HXLoginController.m */; };
		96AB2C992275443200470719 /* HXDataCenter.m in Sources */ = {isa = PBXBuildFile; fileRef = 96AB2C982275443200470719 /* HXDataCenter.m */; };
		96AB2C9E2275445900470719 /* HXWebController.m in Sources */ = {isa = PBXBuildFile; fileRef = 96AB2C9D2275445900470719 /* HXWebController.m */; };
		96AB2CA22275447300470719 /* HXLogCenter.m in Sources */ = {isa = PBXBuildFile; fileRef = 96AB2CA12275447300470719 /* HXLogCenter.m */; };
		96AB2CA62275448D00470719 /* HXCrashCenter.m in Sources */ = {isa = PBXBuildFile; fileRef = 96AB2CA52275448D00470719 /* HXCrashCenter.m */; };
		96AB2CAA227544B400470719 /* HXNetworkCenter.m in Sources */ = {isa = PBXBuildFile; fileRef = 96AB2CA9227544B400470719 /* HXNetworkCenter.m */; };
		96AB2CAE227544CE00470719 /* HXMonitorCenter.m in Sources */ = {isa = PBXBuildFile; fileRef = 96AB2CAD227544CE00470719 /* HXMonitorCenter.m */; };
		96AB2CB22275450100470719 /* HXAppLifeCycle.m in Sources */ = {isa = PBXBuildFile; fileRef = 96AB2CB12275450100470719 /* HXAppLifeCycle.m */; };
		96AB2CB7227545CE00470719 /* HXNavigationConfig.m in Sources */ = {isa = PBXBuildFile; fileRef = 96AB2CB6227545CE00470719 /* HXNavigationConfig.m */; };
		96AB2CBA227546E800470719 /* NSObject+HXRuntime.m in Sources */ = {isa = PBXBuildFile; fileRef = 96AB2CB9227546E800470719 /* NSObject+HXRuntime.m */; };
		96E501342214314A004ECEAB /* NSString+HX.m in Sources */ = {isa = PBXBuildFile; fileRef = 96E501332214314A004ECEAB /* NSString+HX.m */; };
		96E5013722143164004ECEAB /* NSMutableString+HX.m in Sources */ = {isa = PBXBuildFile; fileRef = 96E5013622143164004ECEAB /* NSMutableString+HX.m */; };
		96E5013A22144D48004ECEAB /* NSArray+HX.m in Sources */ = {isa = PBXBuildFile; fileRef = 96E5013922144D48004ECEAB /* NSArray+HX.m */; };
		96E5013D22144D50004ECEAB /* NSMutableArray+HX.m in Sources */ = {isa = PBXBuildFile; fileRef = 96E5013C22144D50004ECEAB /* NSMutableArray+HX.m */; };
		96E5014022144D59004ECEAB /* NSDictionary+HX.m in Sources */ = {isa = PBXBuildFile; fileRef = 96E5013F22144D59004ECEAB /* NSDictionary+HX.m */; };
		96E5014322144D77004ECEAB /* NSMutableDictionary+HX.m in Sources */ = {isa = PBXBuildFile; fileRef = 96E5014222144D77004ECEAB /* NSMutableDictionary+HX.m */; };
		96E5014622144D82004ECEAB /* NSData+HX.m in Sources */ = {isa = PBXBuildFile; fileRef = 96E5014522144D82004ECEAB /* NSData+HX.m */; };
		96E5014922144D8D004ECEAB /* NSMutableData+HX.m in Sources */ = {isa = PBXBuildFile; fileRef = 96E5014822144D8D004ECEAB /* NSMutableData+HX.m */; };
		96E5014C22144D98004ECEAB /* UIColor+HX.m in Sources */ = {isa = PBXBuildFile; fileRef = 96E5014B22144D98004ECEAB /* UIColor+HX.m */; };
		96E5014F22144E64004ECEAB /* NSDate+HX.m in Sources */ = {isa = PBXBuildFile; fileRef = 96E5014E22144E64004ECEAB /* NSDate+HX.m */; };
		96E554AE22EF4E320025C88C /* HXRouterConfig.m in Sources */ = {isa = PBXBuildFile; fileRef = 96E554AD22EF4E320025C88C /* HXRouterConfig.m */; };
		96E554B322EF4F320025C88C /* HXBusinessModel.m in Sources */ = {isa = PBXBuildFile; fileRef = 96E554B222EF4F320025C88C /* HXBusinessModel.m */; };
		96E554B622EF4F750025C88C /* HXHomeBisModel.m in Sources */ = {isa = PBXBuildFile; fileRef = 96E554B522EF4F750025C88C /* HXHomeBisModel.m */; };
		96E554BC22EF4FE20025C88C /* HXApi.m in Sources */ = {isa = PBXBuildFile; fileRef = 96E554BB22EF4FE20025C88C /* HXApi.m */; };
		96E554BF22EF4FFA0025C88C /* HXHomeApi.m in Sources */ = {isa = PBXBuildFile; fileRef = 96E554BE22EF4FFA0025C88C /* HXHomeApi.m */; };
		96E554C222EF53620025C88C /* HXRouterManager.m in Sources */ = {isa = PBXBuildFile; fileRef = 96E554C122EF53620025C88C /* HXRouterManager.m */; };
		CA6D1527B6B85D94D0E9ED87 /* libPods-HXPoloHomeUITests.a in Frameworks */ = {isa = PBXBuildFile; fileRef = E4689338A1BC5B499E70E18D /* libPods-HXPoloHomeUITests.a */; };
		D5132A62961E4E9CB191018C /* libPods-HXPoloHome.a in Frameworks */ = {isa = PBXBuildFile; fileRef = 03B08DBB95298EABD89C53AA /* libPods-HXPoloHome.a */; };
/* End PBXBuildFile section */

/* Begin PBXContainerItemProxy section */
		96570AA12213EED70040DE1B /* PBXContainerItemProxy */ = {
			isa = PBXContainerItemProxy;
			containerPortal = 96570A802213EED60040DE1B /* Project object */;
			proxyType = 1;
			remoteGlobalIDString = 96570A872213EED60040DE1B;
			remoteInfo = HXPoloHome;
		};
		96570AAC2213EED70040DE1B /* PBXContainerItemProxy */ = {
			isa = PBXContainerItemProxy;
			containerPortal = 96570A802213EED60040DE1B /* Project object */;
			proxyType = 1;
			remoteGlobalIDString = 96570A872213EED60040DE1B;
			remoteInfo = HXPoloHome;
		};
/* End PBXContainerItemProxy section */

/* Begin PBXFileReference section */
		03B08DBB95298EABD89C53AA /* libPods-HXPoloHome.a */ = {isa = PBXFileReference; explicitFileType = archive.ar; includeInIndex = 0; path = "libPods-HXPoloHome.a"; sourceTree = BUILT_PRODUCTS_DIR; };
		4DC7F0BC115FE0CDC303B09B /* libPods-HXPoloHomeTests.a */ = {isa = PBXFileReference; explicitFileType = archive.ar; includeInIndex = 0; path = "libPods-HXPoloHomeTests.a"; sourceTree = BUILT_PRODUCTS_DIR; };
		83E88470EF65B3407E8ADCD0 /* Pods-HXPoloHome.debug.xcconfig */ = {isa = PBXFileReference; includeInIndex = 1; lastKnownFileType = text.xcconfig; name = "Pods-HXPoloHome.debug.xcconfig"; path = "Pods/Target Support Files/Pods-HXPoloHome/Pods-HXPoloHome.debug.xcconfig"; sourceTree = "<group>"; };
		960B9DDB2351B0BF002B8730 /* UINavigationSXFixSpace.m */ = {isa = PBXFileReference; fileEncoding = 4; lastKnownFileType = sourcecode.c.objc; path = UINavigationSXFixSpace.m; sourceTree = "<group>"; };
		960B9DDC2351B0BF002B8730 /* UINavigationSXFixSpace.h */ = {isa = PBXFileReference; fileEncoding = 4; lastKnownFileType = sourcecode.c.h; path = UINavigationSXFixSpace.h; sourceTree = "<group>"; };
		961717D2232F86DC009B8A4A /* HXHomeTestController.h */ = {isa = PBXFileReference; lastKnownFileType = sourcecode.c.h; path = HXHomeTestController.h; sourceTree = "<group>"; };
		961717D3232F86DC009B8A4A /* HXHomeTestController.m */ = {isa = PBXFileReference; lastKnownFileType = sourcecode.c.objc; path = HXHomeTestController.m; sourceTree = "<group>"; };
		961717D52330AEE9009B8A4A /* HXFlowLayout.h */ = {isa = PBXFileReference; lastKnownFileType = sourcecode.c.h; path = HXFlowLayout.h; sourceTree = "<group>"; };
		961717D62330AEE9009B8A4A /* HXFlowLayout.m */ = {isa = PBXFileReference; lastKnownFileType = sourcecode.c.objc; path = HXFlowLayout.m; sourceTree = "<group>"; };
		964A3F7B233D9CBE00005835 /* HXWeakProxy.h */ = {isa = PBXFileReference; lastKnownFileType = sourcecode.c.h; path = HXWeakProxy.h; sourceTree = "<group>"; };
		964A3F7C233D9CBE00005835 /* HXWeakProxy.m */ = {isa = PBXFileReference; lastKnownFileType = sourcecode.c.objc; path = HXWeakProxy.m; sourceTree = "<group>"; };
		964A3F7E233DA88700005835 /* HXInheritProxy.h */ = {isa = PBXFileReference; lastKnownFileType = sourcecode.c.h; path = HXInheritProxy.h; sourceTree = "<group>"; };
		964A3F7F233DA88700005835 /* HXInheritProxy.m */ = {isa = PBXFileReference; lastKnownFileType = sourcecode.c.objc; path = HXInheritProxy.m; sourceTree = "<group>"; };
		964A3F842340AF5900005835 /* HXWaterFlowLayout.h */ = {isa = PBXFileReference; lastKnownFileType = sourcecode.c.h; path = HXWaterFlowLayout.h; sourceTree = "<group>"; };
		964A3F852340AF5900005835 /* HXWaterFlowLayout.m */ = {isa = PBXFileReference; lastKnownFileType = sourcecode.c.objc; path = HXWaterFlowLayout.m; sourceTree = "<group>"; };
		96570A882213EED60040DE1B /* HXPoloHome.app */ = {isa = PBXFileReference; explicitFileType = wrapper.application; includeInIndex = 0; path = HXPoloHome.app; sourceTree = BUILT_PRODUCTS_DIR; };
		96570A8B2213EED60040DE1B /* AppDelegate.h */ = {isa = PBXFileReference; lastKnownFileType = sourcecode.c.h; path = AppDelegate.h; sourceTree = "<group>"; };
		96570A8C2213EED60040DE1B /* AppDelegate.m */ = {isa = PBXFileReference; lastKnownFileType = sourcecode.c.objc; path = AppDelegate.m; sourceTree = "<group>"; };
		96570A942213EED70040DE1B /* Assets.xcassets */ = {isa = PBXFileReference; lastKnownFileType = folder.assetcatalog; path = Assets.xcassets; sourceTree = "<group>"; };
		96570A992213EED70040DE1B /* Info.plist */ = {isa = PBXFileReference; lastKnownFileType = text.plist.xml; path = Info.plist; sourceTree = "<group>"; };
		96570A9A2213EED70040DE1B /* main.m */ = {isa = PBXFileReference; lastKnownFileType = sourcecode.c.objc; path = main.m; sourceTree = "<group>"; };
		96570AA02213EED70040DE1B /* HXPoloHomeTests.xctest */ = {isa = PBXFileReference; explicitFileType = wrapper.cfbundle; includeInIndex = 0; path = HXPoloHomeTests.xctest; sourceTree = BUILT_PRODUCTS_DIR; };
		96570AA42213EED70040DE1B /* HXPoloHomeTests.m */ = {isa = PBXFileReference; lastKnownFileType = sourcecode.c.objc; path = HXPoloHomeTests.m; sourceTree = "<group>"; };
		96570AA62213EED70040DE1B /* Info.plist */ = {isa = PBXFileReference; lastKnownFileType = text.plist.xml; path = Info.plist; sourceTree = "<group>"; };
		96570AAB2213EED70040DE1B /* HXPoloHomeUITests.xctest */ = {isa = PBXFileReference; explicitFileType = wrapper.cfbundle; includeInIndex = 0; path = HXPoloHomeUITests.xctest; sourceTree = BUILT_PRODUCTS_DIR; };
		96570AAF2213EED70040DE1B /* HXPoloHomeUITests.m */ = {isa = PBXFileReference; lastKnownFileType = sourcecode.c.objc; path = HXPoloHomeUITests.m; sourceTree = "<group>"; };
		96570AB12213EED70040DE1B /* Info.plist */ = {isa = PBXFileReference; lastKnownFileType = text.plist.xml; path = Info.plist; sourceTree = "<group>"; };
		96570ABE2213FBC40040DE1B /* HXConsts.h */ = {isa = PBXFileReference; lastKnownFileType = sourcecode.c.h; path = HXConsts.h; sourceTree = "<group>"; };
		96570ABF2213FBC40040DE1B /* HXConsts.m */ = {isa = PBXFileReference; lastKnownFileType = sourcecode.c.objc; path = HXConsts.m; sourceTree = "<group>"; };
		96570AC22213FBF00040DE1B /* HXPoloHomePch.pch */ = {isa = PBXFileReference; lastKnownFileType = sourcecode.c.h; path = HXPoloHomePch.pch; sourceTree = "<group>"; };
		96570AC32213FCCB0040DE1B /* HXMacros.h */ = {isa = PBXFileReference; lastKnownFileType = sourcecode.c.h; path = HXMacros.h; sourceTree = "<group>"; };
		9668615C229511D700081C47 /* UIViewController+HXNaviBar.h */ = {isa = PBXFileReference; lastKnownFileType = sourcecode.c.h; path = "UIViewController+HXNaviBar.h"; sourceTree = "<group>"; };
		9668615D229511D700081C47 /* UIViewController+HXNaviBar.m */ = {isa = PBXFileReference; lastKnownFileType = sourcecode.c.objc; path = "UIViewController+HXNaviBar.m"; sourceTree = "<group>"; };
		9668615F229511ED00081C47 /* HXNavigationBar.h */ = {isa = PBXFileReference; lastKnownFileType = sourcecode.c.h; path = HXNavigationBar.h; sourceTree = "<group>"; };
		96686160229511ED00081C47 /* HXNavigationBar.m */ = {isa = PBXFileReference; lastKnownFileType = sourcecode.c.objc; path = HXNavigationBar.m; sourceTree = "<group>"; };
		966861622295120D00081C47 /* HXNavigationController.h */ = {isa = PBXFileReference; lastKnownFileType = sourcecode.c.h; path = HXNavigationController.h; sourceTree = "<group>"; };
		966861632295120D00081C47 /* HXNavigationController.m */ = {isa = PBXFileReference; lastKnownFileType = sourcecode.c.objc; path = HXNavigationController.m; sourceTree = "<group>"; };
		966861672295163800081C47 /* HXNFModel.h */ = {isa = PBXFileReference; lastKnownFileType = sourcecode.c.h; path = HXNFModel.h; sourceTree = "<group>"; };
		966861682295163800081C47 /* HXNFModel.m */ = {isa = PBXFileReference; lastKnownFileType = sourcecode.c.objc; path = HXNFModel.m; sourceTree = "<group>"; };
		9668616B2295165200081C47 /* HXNFView.h */ = {isa = PBXFileReference; lastKnownFileType = sourcecode.c.h; path = HXNFView.h; sourceTree = "<group>"; };
		9668616C2295165200081C47 /* HXNFView.m */ = {isa = PBXFileReference; lastKnownFileType = sourcecode.c.objc; path = HXNFView.m; sourceTree = "<group>"; };
		9668616F2295167D00081C47 /* HXNewFeatureController.h */ = {isa = PBXFileReference; lastKnownFileType = sourcecode.c.h; path = HXNewFeatureController.h; sourceTree = "<group>"; };
		966861702295167D00081C47 /* HXNewFeatureController.m */ = {isa = PBXFileReference; lastKnownFileType = sourcecode.c.objc; path = HXNewFeatureController.m; sourceTree = "<group>"; };
		96686174229516A400081C47 /* HXHomeController.h */ = {isa = PBXFileReference; lastKnownFileType = sourcecode.c.h; path = HXHomeController.h; sourceTree = "<group>"; };
		96686175229516A400081C47 /* HXHomeController.m */ = {isa = PBXFileReference; lastKnownFileType = sourcecode.c.objc; path = HXHomeController.m; sourceTree = "<group>"; };
		96686178229516B600081C47 /* HXHomeView.h */ = {isa = PBXFileReference; lastKnownFileType = sourcecode.c.h; path = HXHomeView.h; sourceTree = "<group>"; };
		96686179229516B600081C47 /* HXHomeView.m */ = {isa = PBXFileReference; lastKnownFileType = sourcecode.c.objc; path = HXHomeView.m; sourceTree = "<group>"; };
		9668617C229516DB00081C47 /* HXHomeModel.h */ = {isa = PBXFileReference; lastKnownFileType = sourcecode.c.h; path = HXHomeModel.h; sourceTree = "<group>"; };
		9668617D229516DB00081C47 /* HXHomeModel.m */ = {isa = PBXFileReference; lastKnownFileType = sourcecode.c.objc; path = HXHomeModel.m; sourceTree = "<group>"; };
		9668617F229517E400081C47 /* HXTabBarController.h */ = {isa = PBXFileReference; lastKnownFileType = sourcecode.c.h; path = HXTabBarController.h; sourceTree = "<group>"; };
		96686180229517E400081C47 /* HXTabBarController.m */ = {isa = PBXFileReference; lastKnownFileType = sourcecode.c.objc; path = HXTabBarController.m; sourceTree = "<group>"; };
		966861822295180100081C47 /* HXBaseNavigationController.h */ = {isa = PBXFileReference; lastKnownFileType = sourcecode.c.h; path = HXBaseNavigationController.h; sourceTree = "<group>"; };
		966861832295180100081C47 /* HXBaseNavigationController.m */ = {isa = PBXFileReference; lastKnownFileType = sourcecode.c.objc; path = HXBaseNavigationController.m; sourceTree = "<group>"; };
		96686187229518F200081C47 /* HXMeController.h */ = {isa = PBXFileReference; lastKnownFileType = sourcecode.c.h; path = HXMeController.h; sourceTree = "<group>"; };
		96686188229518F200081C47 /* HXMeController.m */ = {isa = PBXFileReference; lastKnownFileType = sourcecode.c.objc; path = HXMeController.m; sourceTree = "<group>"; };
		9668618B2295190200081C47 /* HXMeView.h */ = {isa = PBXFileReference; lastKnownFileType = sourcecode.c.h; path = HXMeView.h; sourceTree = "<group>"; };
		9668618C2295190200081C47 /* HXMeView.m */ = {isa = PBXFileReference; lastKnownFileType = sourcecode.c.objc; path = HXMeView.m; sourceTree = "<group>"; };
		9668618F2295191C00081C47 /* HXMeModel.h */ = {isa = PBXFileReference; lastKnownFileType = sourcecode.c.h; path = HXMeModel.h; sourceTree = "<group>"; };
		966861902295191C00081C47 /* HXMeModel.m */ = {isa = PBXFileReference; lastKnownFileType = sourcecode.c.objc; path = HXMeModel.m; sourceTree = "<group>"; };
		966861942295194100081C47 /* HXDiscoverController.h */ = {isa = PBXFileReference; lastKnownFileType = sourcecode.c.h; path = HXDiscoverController.h; sourceTree = "<group>"; };
		966861952295194100081C47 /* HXDiscoverController.m */ = {isa = PBXFileReference; lastKnownFileType = sourcecode.c.objc; path = HXDiscoverController.m; sourceTree = "<group>"; };
		966861982295195100081C47 /* HXDiscoverView.h */ = {isa = PBXFileReference; lastKnownFileType = sourcecode.c.h; path = HXDiscoverView.h; sourceTree = "<group>"; };
		966861992295195100081C47 /* HXDiscoverView.m */ = {isa = PBXFileReference; lastKnownFileType = sourcecode.c.objc; path = HXDiscoverView.m; sourceTree = "<group>"; };
		9668619C2295196200081C47 /* HXDiscoverModel.h */ = {isa = PBXFileReference; lastKnownFileType = sourcecode.c.h; path = HXDiscoverModel.h; sourceTree = "<group>"; };
		9668619D2295196200081C47 /* HXDiscoverModel.m */ = {isa = PBXFileReference; lastKnownFileType = sourcecode.c.objc; path = HXDiscoverModel.m; sourceTree = "<group>"; };
		966861A12295197E00081C47 /* HXMallController.h */ = {isa = PBXFileReference; lastKnownFileType = sourcecode.c.h; path = HXMallController.h; sourceTree = "<group>"; };
		966861A22295197E00081C47 /* HXMallController.m */ = {isa = PBXFileReference; lastKnownFileType = sourcecode.c.objc; path = HXMallController.m; sourceTree = "<group>"; };
		966861A52295199400081C47 /* HXMallView.h */ = {isa = PBXFileReference; lastKnownFileType = sourcecode.c.h; path = HXMallView.h; sourceTree = "<group>"; };
		966861A62295199400081C47 /* HXMallView.m */ = {isa = PBXFileReference; lastKnownFileType = sourcecode.c.objc; path = HXMallView.m; sourceTree = "<group>"; };
		966861A9229519AC00081C47 /* HXMallModel.h */ = {isa = PBXFileReference; lastKnownFileType = sourcecode.c.h; path = HXMallModel.h; sourceTree = "<group>"; };
		966861AA229519AC00081C47 /* HXMallModel.m */ = {isa = PBXFileReference; lastKnownFileType = sourcecode.c.objc; path = HXMallModel.m; sourceTree = "<group>"; };
		96AB2C802275438300470719 /* HXView.h */ = {isa = PBXFileReference; lastKnownFileType = sourcecode.c.h; path = HXView.h; sourceTree = "<group>"; };
		96AB2C812275438300470719 /* HXView.m */ = {isa = PBXFileReference; lastKnownFileType = sourcecode.c.objc; path = HXView.m; sourceTree = "<group>"; };
		96AB2C832275439700470719 /* HXBaseController.h */ = {isa = PBXFileReference; lastKnownFileType = sourcecode.c.h; path = HXBaseController.h; sourceTree = "<group>"; };
		96AB2C842275439700470719 /* HXBaseController.m */ = {isa = PBXFileReference; lastKnownFileType = sourcecode.c.objc; path = HXBaseController.m; sourceTree = "<group>"; };
		96AB2C86227543A100470719 /* HXModel.h */ = {isa = PBXFileReference; lastKnownFileType = sourcecode.c.h; path = HXModel.h; sourceTree = "<group>"; };
		96AB2C87227543A100470719 /* HXModel.m */ = {isa = PBXFileReference; lastKnownFileType = sourcecode.c.objc; path = HXModel.m; sourceTree = "<group>"; };
		96AB2C8D227543CF00470719 /* HXLoginModel.h */ = {isa = PBXFileReference; lastKnownFileType = sourcecode.c.h; path = HXLoginModel.h; sourceTree = "<group>"; };
		96AB2C8E227543CF00470719 /* HXLoginModel.m */ = {isa = PBXFileReference; lastKnownFileType = sourcecode.c.objc; path = HXLoginModel.m; sourceTree = "<group>"; };
		96AB2C90227543DA00470719 /* HXLoginView.h */ = {isa = PBXFileReference; lastKnownFileType = sourcecode.c.h; path = HXLoginView.h; sourceTree = "<group>"; };
		96AB2C91227543DA00470719 /* HXLoginView.m */ = {isa = PBXFileReference; lastKnownFileType = sourcecode.c.objc; path = HXLoginView.m; sourceTree = "<group>"; };
		96AB2C93227543E700470719 /* HXLoginController.h */ = {isa = PBXFileReference; lastKnownFileType = sourcecode.c.h; path = HXLoginController.h; sourceTree = "<group>"; };
		96AB2C94227543E700470719 /* HXLoginController.m */ = {isa = PBXFileReference; lastKnownFileType = sourcecode.c.objc; path = HXLoginController.m; sourceTree = "<group>"; };
		96AB2C972275443200470719 /* HXDataCenter.h */ = {isa = PBXFileReference; lastKnownFileType = sourcecode.c.h; path = HXDataCenter.h; sourceTree = "<group>"; };
		96AB2C982275443200470719 /* HXDataCenter.m */ = {isa = PBXFileReference; lastKnownFileType = sourcecode.c.objc; path = HXDataCenter.m; sourceTree = "<group>"; };
		96AB2C9C2275445900470719 /* HXWebController.h */ = {isa = PBXFileReference; lastKnownFileType = sourcecode.c.h; path = HXWebController.h; sourceTree = "<group>"; };
		96AB2C9D2275445900470719 /* HXWebController.m */ = {isa = PBXFileReference; lastKnownFileType = sourcecode.c.objc; path = HXWebController.m; sourceTree = "<group>"; };
		96AB2CA02275447300470719 /* HXLogCenter.h */ = {isa = PBXFileReference; lastKnownFileType = sourcecode.c.h; path = HXLogCenter.h; sourceTree = "<group>"; };
		96AB2CA12275447300470719 /* HXLogCenter.m */ = {isa = PBXFileReference; lastKnownFileType = sourcecode.c.objc; path = HXLogCenter.m; sourceTree = "<group>"; };
		96AB2CA42275448D00470719 /* HXCrashCenter.h */ = {isa = PBXFileReference; lastKnownFileType = sourcecode.c.h; path = HXCrashCenter.h; sourceTree = "<group>"; };
		96AB2CA52275448D00470719 /* HXCrashCenter.m */ = {isa = PBXFileReference; lastKnownFileType = sourcecode.c.objc; path = HXCrashCenter.m; sourceTree = "<group>"; };
		96AB2CA8227544B400470719 /* HXNetworkCenter.h */ = {isa = PBXFileReference; lastKnownFileType = sourcecode.c.h; path = HXNetworkCenter.h; sourceTree = "<group>"; };
		96AB2CA9227544B400470719 /* HXNetworkCenter.m */ = {isa = PBXFileReference; lastKnownFileType = sourcecode.c.objc; path = HXNetworkCenter.m; sourceTree = "<group>"; };
		96AB2CAC227544CE00470719 /* HXMonitorCenter.h */ = {isa = PBXFileReference; lastKnownFileType = sourcecode.c.h; path = HXMonitorCenter.h; sourceTree = "<group>"; };
		96AB2CAD227544CE00470719 /* HXMonitorCenter.m */ = {isa = PBXFileReference; lastKnownFileType = sourcecode.c.objc; path = HXMonitorCenter.m; sourceTree = "<group>"; };
		96AB2CB02275450100470719 /* HXAppLifeCycle.h */ = {isa = PBXFileReference; lastKnownFileType = sourcecode.c.h; path = HXAppLifeCycle.h; sourceTree = "<group>"; };
		96AB2CB12275450100470719 /* HXAppLifeCycle.m */ = {isa = PBXFileReference; lastKnownFileType = sourcecode.c.objc; path = HXAppLifeCycle.m; sourceTree = "<group>"; };
		96AB2CB5227545CE00470719 /* HXNavigationConfig.h */ = {isa = PBXFileReference; lastKnownFileType = sourcecode.c.h; path = HXNavigationConfig.h; sourceTree = "<group>"; };
		96AB2CB6227545CE00470719 /* HXNavigationConfig.m */ = {isa = PBXFileReference; lastKnownFileType = sourcecode.c.objc; path = HXNavigationConfig.m; sourceTree = "<group>"; };
		96AB2CB8227546E800470719 /* NSObject+HXRuntime.h */ = {isa = PBXFileReference; lastKnownFileType = sourcecode.c.h; path = "NSObject+HXRuntime.h"; sourceTree = "<group>"; };
		96AB2CB9227546E800470719 /* NSObject+HXRuntime.m */ = {isa = PBXFileReference; lastKnownFileType = sourcecode.c.objc; path = "NSObject+HXRuntime.m"; sourceTree = "<group>"; };
		96E501322214314A004ECEAB /* NSString+HX.h */ = {isa = PBXFileReference; lastKnownFileType = sourcecode.c.h; path = "NSString+HX.h"; sourceTree = "<group>"; };
		96E501332214314A004ECEAB /* NSString+HX.m */ = {isa = PBXFileReference; lastKnownFileType = sourcecode.c.objc; path = "NSString+HX.m"; sourceTree = "<group>"; };
		96E5013522143164004ECEAB /* NSMutableString+HX.h */ = {isa = PBXFileReference; lastKnownFileType = sourcecode.c.h; path = "NSMutableString+HX.h"; sourceTree = "<group>"; };
		96E5013622143164004ECEAB /* NSMutableString+HX.m */ = {isa = PBXFileReference; lastKnownFileType = sourcecode.c.objc; path = "NSMutableString+HX.m"; sourceTree = "<group>"; };
		96E5013822144D48004ECEAB /* NSArray+HX.h */ = {isa = PBXFileReference; lastKnownFileType = sourcecode.c.h; path = "NSArray+HX.h"; sourceTree = "<group>"; };
		96E5013922144D48004ECEAB /* NSArray+HX.m */ = {isa = PBXFileReference; lastKnownFileType = sourcecode.c.objc; path = "NSArray+HX.m"; sourceTree = "<group>"; };
		96E5013B22144D50004ECEAB /* NSMutableArray+HX.h */ = {isa = PBXFileReference; lastKnownFileType = sourcecode.c.h; path = "NSMutableArray+HX.h"; sourceTree = "<group>"; };
		96E5013C22144D50004ECEAB /* NSMutableArray+HX.m */ = {isa = PBXFileReference; lastKnownFileType = sourcecode.c.objc; path = "NSMutableArray+HX.m"; sourceTree = "<group>"; };
		96E5013E22144D59004ECEAB /* NSDictionary+HX.h */ = {isa = PBXFileReference; lastKnownFileType = sourcecode.c.h; path = "NSDictionary+HX.h"; sourceTree = "<group>"; };
		96E5013F22144D59004ECEAB /* NSDictionary+HX.m */ = {isa = PBXFileReference; lastKnownFileType = sourcecode.c.objc; path = "NSDictionary+HX.m"; sourceTree = "<group>"; };
		96E5014122144D77004ECEAB /* NSMutableDictionary+HX.h */ = {isa = PBXFileReference; lastKnownFileType = sourcecode.c.h; path = "NSMutableDictionary+HX.h"; sourceTree = "<group>"; };
		96E5014222144D77004ECEAB /* NSMutableDictionary+HX.m */ = {isa = PBXFileReference; lastKnownFileType = sourcecode.c.objc; path = "NSMutableDictionary+HX.m"; sourceTree = "<group>"; };
		96E5014422144D82004ECEAB /* NSData+HX.h */ = {isa = PBXFileReference; lastKnownFileType = sourcecode.c.h; path = "NSData+HX.h"; sourceTree = "<group>"; };
		96E5014522144D82004ECEAB /* NSData+HX.m */ = {isa = PBXFileReference; lastKnownFileType = sourcecode.c.objc; path = "NSData+HX.m"; sourceTree = "<group>"; };
		96E5014722144D8D004ECEAB /* NSMutableData+HX.h */ = {isa = PBXFileReference; lastKnownFileType = sourcecode.c.h; path = "NSMutableData+HX.h"; sourceTree = "<group>"; };
		96E5014822144D8D004ECEAB /* NSMutableData+HX.m */ = {isa = PBXFileReference; lastKnownFileType = sourcecode.c.objc; path = "NSMutableData+HX.m"; sourceTree = "<group>"; };
		96E5014A22144D98004ECEAB /* UIColor+HX.h */ = {isa = PBXFileReference; lastKnownFileType = sourcecode.c.h; path = "UIColor+HX.h"; sourceTree = "<group>"; };
		96E5014B22144D98004ECEAB /* UIColor+HX.m */ = {isa = PBXFileReference; lastKnownFileType = sourcecode.c.objc; path = "UIColor+HX.m"; sourceTree = "<group>"; };
		96E5014D22144E64004ECEAB /* NSDate+HX.h */ = {isa = PBXFileReference; lastKnownFileType = sourcecode.c.h; path = "NSDate+HX.h"; sourceTree = "<group>"; };
		96E5014E22144E64004ECEAB /* NSDate+HX.m */ = {isa = PBXFileReference; lastKnownFileType = sourcecode.c.objc; path = "NSDate+HX.m"; sourceTree = "<group>"; };
		96E554AC22EF4E320025C88C /* HXRouterConfig.h */ = {isa = PBXFileReference; lastKnownFileType = sourcecode.c.h; path = HXRouterConfig.h; sourceTree = "<group>"; };
		96E554AD22EF4E320025C88C /* HXRouterConfig.m */ = {isa = PBXFileReference; lastKnownFileType = sourcecode.c.objc; path = HXRouterConfig.m; sourceTree = "<group>"; };
		96E554B122EF4F320025C88C /* HXBusinessModel.h */ = {isa = PBXFileReference; lastKnownFileType = sourcecode.c.h; path = HXBusinessModel.h; sourceTree = "<group>"; };
		96E554B222EF4F320025C88C /* HXBusinessModel.m */ = {isa = PBXFileReference; lastKnownFileType = sourcecode.c.objc; path = HXBusinessModel.m; sourceTree = "<group>"; };
		96E554B422EF4F750025C88C /* HXHomeBisModel.h */ = {isa = PBXFileReference; lastKnownFileType = sourcecode.c.h; path = HXHomeBisModel.h; sourceTree = "<group>"; };
		96E554B522EF4F750025C88C /* HXHomeBisModel.m */ = {isa = PBXFileReference; lastKnownFileType = sourcecode.c.objc; path = HXHomeBisModel.m; sourceTree = "<group>"; };
		96E554BA22EF4FE20025C88C /* HXApi.h */ = {isa = PBXFileReference; lastKnownFileType = sourcecode.c.h; path = HXApi.h; sourceTree = "<group>"; };
		96E554BB22EF4FE20025C88C /* HXApi.m */ = {isa = PBXFileReference; lastKnownFileType = sourcecode.c.objc; path = HXApi.m; sourceTree = "<group>"; };
		96E554BD22EF4FFA0025C88C /* HXHomeApi.h */ = {isa = PBXFileReference; lastKnownFileType = sourcecode.c.h; path = HXHomeApi.h; sourceTree = "<group>"; };
		96E554BE22EF4FFA0025C88C /* HXHomeApi.m */ = {isa = PBXFileReference; lastKnownFileType = sourcecode.c.objc; path = HXHomeApi.m; sourceTree = "<group>"; };
		96E554C022EF53620025C88C /* HXRouterManager.h */ = {isa = PBXFileReference; lastKnownFileType = sourcecode.c.h; path = HXRouterManager.h; sourceTree = "<group>"; };
		96E554C122EF53620025C88C /* HXRouterManager.m */ = {isa = PBXFileReference; lastKnownFileType = sourcecode.c.objc; path = HXRouterManager.m; sourceTree = "<group>"; };
		BC605B6CFF3EFED84B8D07F1 /* Pods-HXPoloHomeUITests.release.xcconfig */ = {isa = PBXFileReference; includeInIndex = 1; lastKnownFileType = text.xcconfig; name = "Pods-HXPoloHomeUITests.release.xcconfig"; path = "Pods/Target Support Files/Pods-HXPoloHomeUITests/Pods-HXPoloHomeUITests.release.xcconfig"; sourceTree = "<group>"; };
		BE2AC74C4AFB40639A2F64E4 /* Pods-HXPoloHomeTests.debug.xcconfig */ = {isa = PBXFileReference; includeInIndex = 1; lastKnownFileType = text.xcconfig; name = "Pods-HXPoloHomeTests.debug.xcconfig"; path = "Pods/Target Support Files/Pods-HXPoloHomeTests/Pods-HXPoloHomeTests.debug.xcconfig"; sourceTree = "<group>"; };
		CD7030C539265CD2554C53D8 /* Pods-HXPoloHomeTests.release.xcconfig */ = {isa = PBXFileReference; includeInIndex = 1; lastKnownFileType = text.xcconfig; name = "Pods-HXPoloHomeTests.release.xcconfig"; path = "Pods/Target Support Files/Pods-HXPoloHomeTests/Pods-HXPoloHomeTests.release.xcconfig"; sourceTree = "<group>"; };
		CDC840A1BA606F470F864966 /* Pods-HXPoloHomeUITests.debug.xcconfig */ = {isa = PBXFileReference; includeInIndex = 1; lastKnownFileType = text.xcconfig; name = "Pods-HXPoloHomeUITests.debug.xcconfig"; path = "Pods/Target Support Files/Pods-HXPoloHomeUITests/Pods-HXPoloHomeUITests.debug.xcconfig"; sourceTree = "<group>"; };
		E4689338A1BC5B499E70E18D /* libPods-HXPoloHomeUITests.a */ = {isa = PBXFileReference; explicitFileType = archive.ar; includeInIndex = 0; path = "libPods-HXPoloHomeUITests.a"; sourceTree = BUILT_PRODUCTS_DIR; };
		EFBA17E36AEA8F5173ACD2A0 /* Pods-HXPoloHome.release.xcconfig */ = {isa = PBXFileReference; includeInIndex = 1; lastKnownFileType = text.xcconfig; name = "Pods-HXPoloHome.release.xcconfig"; path = "Pods/Target Support Files/Pods-HXPoloHome/Pods-HXPoloHome.release.xcconfig"; sourceTree = "<group>"; };
/* End PBXFileReference section */

/* Begin PBXFrameworksBuildPhase section */
		96570A852213EED60040DE1B /* Frameworks */ = {
			isa = PBXFrameworksBuildPhase;
			buildActionMask = 2147483647;
			files = (
				D5132A62961E4E9CB191018C /* libPods-HXPoloHome.a in Frameworks */,
			);
			runOnlyForDeploymentPostprocessing = 0;
		};
		96570A9D2213EED70040DE1B /* Frameworks */ = {
			isa = PBXFrameworksBuildPhase;
			buildActionMask = 2147483647;
			files = (
				527DAACB518703A713F9EFCC /* libPods-HXPoloHomeTests.a in Frameworks */,
			);
			runOnlyForDeploymentPostprocessing = 0;
		};
		96570AA82213EED70040DE1B /* Frameworks */ = {
			isa = PBXFrameworksBuildPhase;
			buildActionMask = 2147483647;
			files = (
				CA6D1527B6B85D94D0E9ED87 /* libPods-HXPoloHomeUITests.a in Frameworks */,
			);
			runOnlyForDeploymentPostprocessing = 0;
		};
/* End PBXFrameworksBuildPhase section */

/* Begin PBXGroup section */
		7C1D6D31928C17682A4AA544 /* Pods */ = {
			isa = PBXGroup;
			children = (
				83E88470EF65B3407E8ADCD0 /* Pods-HXPoloHome.debug.xcconfig */,
				EFBA17E36AEA8F5173ACD2A0 /* Pods-HXPoloHome.release.xcconfig */,
				BE2AC74C4AFB40639A2F64E4 /* Pods-HXPoloHomeTests.debug.xcconfig */,
				CD7030C539265CD2554C53D8 /* Pods-HXPoloHomeTests.release.xcconfig */,
				CDC840A1BA606F470F864966 /* Pods-HXPoloHomeUITests.debug.xcconfig */,
				BC605B6CFF3EFED84B8D07F1 /* Pods-HXPoloHomeUITests.release.xcconfig */,
			);
			name = Pods;
			sourceTree = "<group>";
		};
		964A3F7A233D9CA100005835 /* HXProxy */ = {
			isa = PBXGroup;
			children = (
				964A3F7B233D9CBE00005835 /* HXWeakProxy.h */,
				964A3F7C233D9CBE00005835 /* HXWeakProxy.m */,
				964A3F7E233DA88700005835 /* HXInheritProxy.h */,
				964A3F7F233DA88700005835 /* HXInheritProxy.m */,
			);
			path = HXProxy;
			sourceTree = "<group>";
		};
		96570A7F2213EED60040DE1B = {
			isa = PBXGroup;
			children = (
				96570A8A2213EED60040DE1B /* HXPoloHome */,
				96570AA32213EED70040DE1B /* HXPoloHomeTests */,
				96570AAE2213EED70040DE1B /* HXPoloHomeUITests */,
				96570A892213EED60040DE1B /* Products */,
				7C1D6D31928C17682A4AA544 /* Pods */,
				C5C39842BBBAC29EBE11865D /* Frameworks */,
			);
			sourceTree = "<group>";
		};
		96570A892213EED60040DE1B /* Products */ = {
			isa = PBXGroup;
			children = (
				96570A882213EED60040DE1B /* HXPoloHome.app */,
				96570AA02213EED70040DE1B /* HXPoloHomeTests.xctest */,
				96570AAB2213EED70040DE1B /* HXPoloHomeUITests.xctest */,
			);
			name = Products;
			sourceTree = "<group>";
		};
		96570A8A2213EED60040DE1B /* HXPoloHome */ = {
			isa = PBXGroup;
			children = (
				96E554AB22EF4E180025C88C /* HXRouterModule */,
				96AB2CAF227544DE00470719 /* HXAppLifeCycleModule */,
				96AB2CAB227544BE00470719 /* HXMonitorModule */,
				96AB2CA72275449500470719 /* HXNetworkModule */,
				96AB2CA32275447D00470719 /* HXCrashModule */,
				96AB2C9F2275446100470719 /* HXLogModule */,
				96AB2C9A2275443C00470719 /* HXWebViewModule */,
				96AB2C962275441800470719 /* HXDataModule */,
				96AB2C7B2275434600470719 /* BusinessModule */,
				96E5012322142FB1004ECEAB /* HXKit */,
				96570AC12213FBD10040DE1B /* HXMacros */,
				96570ABD2213FBA30040DE1B /* HXConst */,
				96570A8B2213EED60040DE1B /* AppDelegate.h */,
				96570A8C2213EED60040DE1B /* AppDelegate.m */,
				96570A942213EED70040DE1B /* Assets.xcassets */,
				96570A992213EED70040DE1B /* Info.plist */,
				96570A9A2213EED70040DE1B /* main.m */,
			);
			path = HXPoloHome;
			sourceTree = "<group>";
		};
		96570AA32213EED70040DE1B /* HXPoloHomeTests */ = {
			isa = PBXGroup;
			children = (
				96570AA42213EED70040DE1B /* HXPoloHomeTests.m */,
				96570AA62213EED70040DE1B /* Info.plist */,
			);
			path = HXPoloHomeTests;
			sourceTree = "<group>";
		};
		96570AAE2213EED70040DE1B /* HXPoloHomeUITests */ = {
			isa = PBXGroup;
			children = (
				96570AAF2213EED70040DE1B /* HXPoloHomeUITests.m */,
				96570AB12213EED70040DE1B /* Info.plist */,
			);
			path = HXPoloHomeUITests;
			sourceTree = "<group>";
		};
		96570ABD2213FBA30040DE1B /* HXConst */ = {
			isa = PBXGroup;
			children = (
				96570ABE2213FBC40040DE1B /* HXConsts.h */,
				96570ABF2213FBC40040DE1B /* HXConsts.m */,
			);
			path = HXConst;
			sourceTree = "<group>";
		};
		96570AC12213FBD10040DE1B /* HXMacros */ = {
			isa = PBXGroup;
			children = (
				96570AC22213FBF00040DE1B /* HXPoloHomePch.pch */,
				96570AC32213FCCB0040DE1B /* HXMacros.h */,
			);
			path = HXMacros;
			sourceTree = "<group>";
		};
		9668615B229511AB00081C47 /* HXNavigationBar */ = {
			isa = PBXGroup;
			children = (
				9668615C229511D700081C47 /* UIViewController+HXNaviBar.h */,
				9668615D229511D700081C47 /* UIViewController+HXNaviBar.m */,
				9668615F229511ED00081C47 /* HXNavigationBar.h */,
				96686160229511ED00081C47 /* HXNavigationBar.m */,
				966861622295120D00081C47 /* HXNavigationController.h */,
				966861632295120D00081C47 /* HXNavigationController.m */,
			);
			path = HXNavigationBar;
			sourceTree = "<group>";
		};
		966861652295161200081C47 /* NewFeature */ = {
			isa = PBXGroup;
			children = (
				9668616E2295165600081C47 /* Controller */,
				9668616A2295163F00081C47 /* View */,
				966861662295161D00081C47 /* Model */,
			);
			path = NewFeature;
			sourceTree = "<group>";
		};
		966861662295161D00081C47 /* Model */ = {
			isa = PBXGroup;
			children = (
				966861672295163800081C47 /* HXNFModel.h */,
				966861682295163800081C47 /* HXNFModel.m */,
			);
			path = Model;
			sourceTree = "<group>";
		};
		9668616A2295163F00081C47 /* View */ = {
			isa = PBXGroup;
			children = (
				9668616B2295165200081C47 /* HXNFView.h */,
				9668616C2295165200081C47 /* HXNFView.m */,
			);
			path = View;
			sourceTree = "<group>";
		};
		9668616E2295165600081C47 /* Controller */ = {
			isa = PBXGroup;
			children = (
				9668616F2295167D00081C47 /* HXNewFeatureController.h */,
				966861702295167D00081C47 /* HXNewFeatureController.m */,
			);
			path = Controller;
			sourceTree = "<group>";
		};
		966861722295169200081C47 /* Home */ = {
			isa = PBXGroup;
			children = (
				96E554B722EF4F820025C88C /* Api */,
				9668617B229516B900081C47 /* Model */,
				96686177229516A700081C47 /* View */,
				966861732295169800081C47 /* Controller */,
			);
			path = Home;
			sourceTree = "<group>";
		};
		966861732295169800081C47 /* Controller */ = {
			isa = PBXGroup;
			children = (
				96686174229516A400081C47 /* HXHomeController.h */,
				96686175229516A400081C47 /* HXHomeController.m */,
				961717D2232F86DC009B8A4A /* HXHomeTestController.h */,
				961717D3232F86DC009B8A4A /* HXHomeTestController.m */,
			);
			path = Controller;
			sourceTree = "<group>";
		};
		96686177229516A700081C47 /* View */ = {
			isa = PBXGroup;
			children = (
				96686178229516B600081C47 /* HXHomeView.h */,
				96686179229516B600081C47 /* HXHomeView.m */,
				961717D52330AEE9009B8A4A /* HXFlowLayout.h */,
				961717D62330AEE9009B8A4A /* HXFlowLayout.m */,
				964A3F842340AF5900005835 /* HXWaterFlowLayout.h */,
				964A3F852340AF5900005835 /* HXWaterFlowLayout.m */,
			);
			path = View;
			sourceTree = "<group>";
		};
		9668617B229516B900081C47 /* Model */ = {
			isa = PBXGroup;
			children = (
				96E554B022EF4EC20025C88C /* BusinessModel */,
				96E554AF22EF4EB60025C88C /* DataModel */,
			);
			path = Model;
			sourceTree = "<group>";
		};
		96686185229518D800081C47 /* Me */ = {
			isa = PBXGroup;
			children = (
				9668618E2295190600081C47 /* Model */,
				9668618A229518F500081C47 /* View */,
				96686186229518E200081C47 /* Controller */,
			);
			path = Me;
			sourceTree = "<group>";
		};
		96686186229518E200081C47 /* Controller */ = {
			isa = PBXGroup;
			children = (
				96686187229518F200081C47 /* HXMeController.h */,
				96686188229518F200081C47 /* HXMeController.m */,
			);
			path = Controller;
			sourceTree = "<group>";
		};
		9668618A229518F500081C47 /* View */ = {
			isa = PBXGroup;
			children = (
				9668618B2295190200081C47 /* HXMeView.h */,
				9668618C2295190200081C47 /* HXMeView.m */,
			);
			path = View;
			sourceTree = "<group>";
		};
		9668618E2295190600081C47 /* Model */ = {
			isa = PBXGroup;
			children = (
				9668618F2295191C00081C47 /* HXMeModel.h */,
				966861902295191C00081C47 /* HXMeModel.m */,
			);
			path = Model;
			sourceTree = "<group>";
		};
		966861922295192100081C47 /* Discover */ = {
			isa = PBXGroup;
			children = (
				9668619B2295195400081C47 /* Model */,
				966861972295194400081C47 /* View */,
				966861932295192F00081C47 /* Controller */,
			);
			path = Discover;
			sourceTree = "<group>";
		};
		966861932295192F00081C47 /* Controller */ = {
			isa = PBXGroup;
			children = (
				966861942295194100081C47 /* HXDiscoverController.h */,
				966861952295194100081C47 /* HXDiscoverController.m */,
			);
			path = Controller;
			sourceTree = "<group>";
		};
		966861972295194400081C47 /* View */ = {
			isa = PBXGroup;
			children = (
				966861982295195100081C47 /* HXDiscoverView.h */,
				966861992295195100081C47 /* HXDiscoverView.m */,
			);
			path = View;
			sourceTree = "<group>";
		};
		9668619B2295195400081C47 /* Model */ = {
			isa = PBXGroup;
			children = (
				9668619C2295196200081C47 /* HXDiscoverModel.h */,
				9668619D2295196200081C47 /* HXDiscoverModel.m */,
			);
			path = Model;
			sourceTree = "<group>";
		};
		9668619F2295196A00081C47 /* Mall */ = {
			isa = PBXGroup;
			children = (
				966861A82295199C00081C47 /* Model */,
				966861A42295198100081C47 /* View */,
				966861A02295196F00081C47 /* Controller */,
			);
			path = Mall;
			sourceTree = "<group>";
		};
		966861A02295196F00081C47 /* Controller */ = {
			isa = PBXGroup;
			children = (
				966861A12295197E00081C47 /* HXMallController.h */,
				966861A22295197E00081C47 /* HXMallController.m */,
			);
			path = Controller;
			sourceTree = "<group>";
		};
		966861A42295198100081C47 /* View */ = {
			isa = PBXGroup;
			children = (
				966861A52295199400081C47 /* HXMallView.h */,
				966861A62295199400081C47 /* HXMallView.m */,
			);
			path = View;
			sourceTree = "<group>";
		};
		966861A82295199C00081C47 /* Model */ = {
			isa = PBXGroup;
			children = (
				966861A9229519AC00081C47 /* HXMallModel.h */,
				966861AA229519AC00081C47 /* HXMallModel.m */,
			);
			path = Model;
			sourceTree = "<group>";
		};
		96AB2C782275426400470719 /* Foundation */ = {
			isa = PBXGroup;
			children = (
				96E5014D22144E64004ECEAB /* NSDate+HX.h */,
				96E5014E22144E64004ECEAB /* NSDate+HX.m */,
				96E501322214314A004ECEAB /* NSString+HX.h */,
				96E501332214314A004ECEAB /* NSString+HX.m */,
				96E5013522143164004ECEAB /* NSMutableString+HX.h */,
				96E5013622143164004ECEAB /* NSMutableString+HX.m */,
				96E5013822144D48004ECEAB /* NSArray+HX.h */,
				96E5013922144D48004ECEAB /* NSArray+HX.m */,
				96E5013B22144D50004ECEAB /* NSMutableArray+HX.h */,
				96E5013C22144D50004ECEAB /* NSMutableArray+HX.m */,
				96E5013E22144D59004ECEAB /* NSDictionary+HX.h */,
				96E5013F22144D59004ECEAB /* NSDictionary+HX.m */,
				96E5014122144D77004ECEAB /* NSMutableDictionary+HX.h */,
				96E5014222144D77004ECEAB /* NSMutableDictionary+HX.m */,
				96E5014422144D82004ECEAB /* NSData+HX.h */,
				96E5014522144D82004ECEAB /* NSData+HX.m */,
				96E5014722144D8D004ECEAB /* NSMutableData+HX.h */,
				96E5014822144D8D004ECEAB /* NSMutableData+HX.m */,
			);
			path = Foundation;
			sourceTree = "<group>";
		};
		96AB2C792275427E00470719 /* UIKit */ = {
			isa = PBXGroup;
			children = (
				96E5014A22144D98004ECEAB /* UIColor+HX.h */,
				96E5014B22144D98004ECEAB /* UIColor+HX.m */,
			);
			path = UIKit;
			sourceTree = "<group>";
		};
		96AB2C7B2275434600470719 /* BusinessModule */ = {
			isa = PBXGroup;
			children = (
				966861722295169200081C47 /* Home */,
				9668619F2295196A00081C47 /* Mall */,
				966861922295192100081C47 /* Discover */,
				96686185229518D800081C47 /* Me */,
				966861652295161200081C47 /* NewFeature */,
				96AB2C89227543AA00470719 /* Login */,
				96AB2C7C2275435600470719 /* Base */,
			);
			path = BusinessModule;
			sourceTree = "<group>";
		};
		96AB2C7C2275435600470719 /* Base */ = {
			isa = PBXGroup;
			children = (
				96E554B922EF4FC20025C88C /* Api */,
				96AB2C7F2275436F00470719 /* Model */,
				96AB2C7E2275436A00470719 /* View */,
				96AB2C7D2275436200470719 /* Controller */,
			);
			path = Base;
			sourceTree = "<group>";
		};
		96AB2C7D2275436200470719 /* Controller */ = {
			isa = PBXGroup;
			children = (
				96AB2C832275439700470719 /* HXBaseController.h */,
				96AB2C842275439700470719 /* HXBaseController.m */,
				9668617F229517E400081C47 /* HXTabBarController.h */,
				96686180229517E400081C47 /* HXTabBarController.m */,
				966861822295180100081C47 /* HXBaseNavigationController.h */,
				966861832295180100081C47 /* HXBaseNavigationController.m */,
			);
			path = Controller;
			sourceTree = "<group>";
		};
		96AB2C7E2275436A00470719 /* View */ = {
			isa = PBXGroup;
			children = (
				96AB2C802275438300470719 /* HXView.h */,
				96AB2C812275438300470719 /* HXView.m */,
			);
			path = View;
			sourceTree = "<group>";
		};
		96AB2C7F2275436F00470719 /* Model */ = {
			isa = PBXGroup;
			children = (
				96AB2C86227543A100470719 /* HXModel.h */,
				96AB2C87227543A100470719 /* HXModel.m */,
				96E554B122EF4F320025C88C /* HXBusinessModel.h */,
				96E554B222EF4F320025C88C /* HXBusinessModel.m */,
			);
			path = Model;
			sourceTree = "<group>";
		};
		96AB2C89227543AA00470719 /* Login */ = {
			isa = PBXGroup;
			children = (
				96AB2C8C227543C200470719 /* Model */,
				96AB2C8B227543B800470719 /* View */,
				96AB2C8A227543B100470719 /* Controller */,
			);
			path = Login;
			sourceTree = "<group>";
		};
		96AB2C8A227543B100470719 /* Controller */ = {
			isa = PBXGroup;
			children = (
				96AB2C93227543E700470719 /* HXLoginController.h */,
				96AB2C94227543E700470719 /* HXLoginController.m */,
			);
			path = Controller;
			sourceTree = "<group>";
		};
		96AB2C8B227543B800470719 /* View */ = {
			isa = PBXGroup;
			children = (
				96AB2C90227543DA00470719 /* HXLoginView.h */,
				96AB2C91227543DA00470719 /* HXLoginView.m */,
			);
			path = View;
			sourceTree = "<group>";
		};
		96AB2C8C227543C200470719 /* Model */ = {
			isa = PBXGroup;
			children = (
				96AB2C8D227543CF00470719 /* HXLoginModel.h */,
				96AB2C8E227543CF00470719 /* HXLoginModel.m */,
			);
			path = Model;
			sourceTree = "<group>";
		};
		96AB2C962275441800470719 /* HXDataModule */ = {
			isa = PBXGroup;
			children = (
				96AB2C972275443200470719 /* HXDataCenter.h */,
				96AB2C982275443200470719 /* HXDataCenter.m */,
			);
			path = HXDataModule;
			sourceTree = "<group>";
		};
		96AB2C9A2275443C00470719 /* HXWebViewModule */ = {
			isa = PBXGroup;
			children = (
				96AB2C9B2275444700470719 /* Controller */,
			);
			path = HXWebViewModule;
			sourceTree = "<group>";
		};
		96AB2C9B2275444700470719 /* Controller */ = {
			isa = PBXGroup;
			children = (
				96AB2C9C2275445900470719 /* HXWebController.h */,
				96AB2C9D2275445900470719 /* HXWebController.m */,
			);
			path = Controller;
			sourceTree = "<group>";
		};
		96AB2C9F2275446100470719 /* HXLogModule */ = {
			isa = PBXGroup;
			children = (
				96AB2CA02275447300470719 /* HXLogCenter.h */,
				96AB2CA12275447300470719 /* HXLogCenter.m */,
			);
			path = HXLogModule;
			sourceTree = "<group>";
		};
		96AB2CA32275447D00470719 /* HXCrashModule */ = {
			isa = PBXGroup;
			children = (
				96AB2CA42275448D00470719 /* HXCrashCenter.h */,
				96AB2CA52275448D00470719 /* HXCrashCenter.m */,
			);
			path = HXCrashModule;
			sourceTree = "<group>";
		};
		96AB2CA72275449500470719 /* HXNetworkModule */ = {
			isa = PBXGroup;
			children = (
				96AB2CA8227544B400470719 /* HXNetworkCenter.h */,
				96AB2CA9227544B400470719 /* HXNetworkCenter.m */,
			);
			path = HXNetworkModule;
			sourceTree = "<group>";
		};
		96AB2CAB227544BE00470719 /* HXMonitorModule */ = {
			isa = PBXGroup;
			children = (
				96AB2CAC227544CE00470719 /* HXMonitorCenter.h */,
				96AB2CAD227544CE00470719 /* HXMonitorCenter.m */,
			);
			path = HXMonitorModule;
			sourceTree = "<group>";
		};
		96AB2CAF227544DE00470719 /* HXAppLifeCycleModule */ = {
			isa = PBXGroup;
			children = (
				96AB2CB02275450100470719 /* HXAppLifeCycle.h */,
				96AB2CB12275450100470719 /* HXAppLifeCycle.m */,
			);
			path = HXAppLifeCycleModule;
			sourceTree = "<group>";
		};
		96AB2CB42275457C00470719 /* UINavigationBarItemFix */ = {
			isa = PBXGroup;
			children = (
				960B9DDC2351B0BF002B8730 /* UINavigationSXFixSpace.h */,
				960B9DDB2351B0BF002B8730 /* UINavigationSXFixSpace.m */,
				96AB2CB5227545CE00470719 /* HXNavigationConfig.h */,
				96AB2CB6227545CE00470719 /* HXNavigationConfig.m */,
				96AB2CB8227546E800470719 /* NSObject+HXRuntime.h */,
				96AB2CB9227546E800470719 /* NSObject+HXRuntime.m */,
			);
			path = UINavigationBarItemFix;
			sourceTree = "<group>";
		};
		96E5012322142FB1004ECEAB /* HXKit */ = {
			isa = PBXGroup;
			children = (
				964A3F7A233D9CA100005835 /* HXProxy */,
				9668615B229511AB00081C47 /* HXNavigationBar */,
				96AB2CB42275457C00470719 /* UINavigationBarItemFix */,
				96E50131221430B0004ECEAB /* Category */,
			);
			path = HXKit;
			sourceTree = "<group>";
		};
		96E50131221430B0004ECEAB /* Category */ = {
			isa = PBXGroup;
			children = (
				96AB2C792275427E00470719 /* UIKit */,
				96AB2C782275426400470719 /* Foundation */,
			);
			path = Category;
			sourceTree = "<group>";
		};
		96E554AB22EF4E180025C88C /* HXRouterModule */ = {
			isa = PBXGroup;
			children = (
				96E554AC22EF4E320025C88C /* HXRouterConfig.h */,
				96E554AD22EF4E320025C88C /* HXRouterConfig.m */,
				96E554C022EF53620025C88C /* HXRouterManager.h */,
				96E554C122EF53620025C88C /* HXRouterManager.m */,
			);
			path = HXRouterModule;
			sourceTree = "<group>";
		};
		96E554AF22EF4EB60025C88C /* DataModel */ = {
			isa = PBXGroup;
			children = (
				9668617C229516DB00081C47 /* HXHomeModel.h */,
				9668617D229516DB00081C47 /* HXHomeModel.m */,
			);
			path = DataModel;
			sourceTree = "<group>";
		};
		96E554B022EF4EC20025C88C /* BusinessModel */ = {
			isa = PBXGroup;
			children = (
				96E554B422EF4F750025C88C /* HXHomeBisModel.h */,
				96E554B522EF4F750025C88C /* HXHomeBisModel.m */,
			);
			path = BusinessModel;
			sourceTree = "<group>";
		};
		96E554B722EF4F820025C88C /* Api */ = {
			isa = PBXGroup;
			children = (
				96E554BD22EF4FFA0025C88C /* HXHomeApi.h */,
				96E554BE22EF4FFA0025C88C /* HXHomeApi.m */,
			);
			path = Api;
			sourceTree = "<group>";
		};
		96E554B922EF4FC20025C88C /* Api */ = {
			isa = PBXGroup;
			children = (
				96E554BA22EF4FE20025C88C /* HXApi.h */,
				96E554BB22EF4FE20025C88C /* HXApi.m */,
			);
			path = Api;
			sourceTree = "<group>";
		};
		C5C39842BBBAC29EBE11865D /* Frameworks */ = {
			isa = PBXGroup;
			children = (
				03B08DBB95298EABD89C53AA /* libPods-HXPoloHome.a */,
				4DC7F0BC115FE0CDC303B09B /* libPods-HXPoloHomeTests.a */,
				E4689338A1BC5B499E70E18D /* libPods-HXPoloHomeUITests.a */,
			);
			name = Frameworks;
			sourceTree = "<group>";
		};
/* End PBXGroup section */

/* Begin PBXNativeTarget section */
		96570A872213EED60040DE1B /* HXPoloHome */ = {
			isa = PBXNativeTarget;
			buildConfigurationList = 96570AB42213EED70040DE1B /* Build configuration list for PBXNativeTarget "HXPoloHome" */;
			buildPhases = (
				8BCE6892027EA0B3D720B563 /* [CP] Check Pods Manifest.lock */,
				96570A842213EED60040DE1B /* Sources */,
				96570A852213EED60040DE1B /* Frameworks */,
				96570A862213EED60040DE1B /* Resources */,
				C547EFE8B8AC4CBAFE3238FE /* [CP] Copy Pods Resources */,
			);
			buildRules = (
			);
			dependencies = (
			);
			name = HXPoloHome;
			productName = HXPoloHome;
			productReference = 96570A882213EED60040DE1B /* HXPoloHome.app */;
			productType = "com.apple.product-type.application";
		};
		96570A9F2213EED70040DE1B /* HXPoloHomeTests */ = {
			isa = PBXNativeTarget;
			buildConfigurationList = 96570AB72213EED70040DE1B /* Build configuration list for PBXNativeTarget "HXPoloHomeTests" */;
			buildPhases = (
				BF917335F117EA4216FD0380 /* [CP] Check Pods Manifest.lock */,
				96570A9C2213EED70040DE1B /* Sources */,
				96570A9D2213EED70040DE1B /* Frameworks */,
				96570A9E2213EED70040DE1B /* Resources */,
			);
			buildRules = (
			);
			dependencies = (
				96570AA22213EED70040DE1B /* PBXTargetDependency */,
			);
			name = HXPoloHomeTests;
			productName = HXPoloHomeTests;
			productReference = 96570AA02213EED70040DE1B /* HXPoloHomeTests.xctest */;
			productType = "com.apple.product-type.bundle.unit-test";
		};
		96570AAA2213EED70040DE1B /* HXPoloHomeUITests */ = {
			isa = PBXNativeTarget;
			buildConfigurationList = 96570ABA2213EED70040DE1B /* Build configuration list for PBXNativeTarget "HXPoloHomeUITests" */;
			buildPhases = (
				78CD8B03EDDE5699DD03EA7F /* [CP] Check Pods Manifest.lock */,
				96570AA72213EED70040DE1B /* Sources */,
				96570AA82213EED70040DE1B /* Frameworks */,
				96570AA92213EED70040DE1B /* Resources */,
			);
			buildRules = (
			);
			dependencies = (
				96570AAD2213EED70040DE1B /* PBXTargetDependency */,
			);
			name = HXPoloHomeUITests;
			productName = HXPoloHomeUITests;
			productReference = 96570AAB2213EED70040DE1B /* HXPoloHomeUITests.xctest */;
			productType = "com.apple.product-type.bundle.ui-testing";
		};
/* End PBXNativeTarget section */

/* Begin PBXProject section */
		96570A802213EED60040DE1B /* Project object */ = {
			isa = PBXProject;
			attributes = {
				CLASSPREFIX = HX;
				LastUpgradeCheck = 1010;
				ORGANIZATIONNAME = huangwenheng;
				TargetAttributes = {
					96570A872213EED60040DE1B = {
						CreatedOnToolsVersion = 10.1;
					};
					96570A9F2213EED70040DE1B = {
						CreatedOnToolsVersion = 10.1;
						TestTargetID = 96570A872213EED60040DE1B;
					};
					96570AAA2213EED70040DE1B = {
						CreatedOnToolsVersion = 10.1;
						TestTargetID = 96570A872213EED60040DE1B;
					};
				};
			};
			buildConfigurationList = 96570A832213EED60040DE1B /* Build configuration list for PBXProject "HXPoloHome" */;
			compatibilityVersion = "Xcode 9.3";
			developmentRegion = en;
			hasScannedForEncodings = 0;
			knownRegions = (
				en,
				Base,
			);
			mainGroup = 96570A7F2213EED60040DE1B;
			productRefGroup = 96570A892213EED60040DE1B /* Products */;
			projectDirPath = "";
			projectRoot = "";
			targets = (
				96570A872213EED60040DE1B /* HXPoloHome */,
				96570A9F2213EED70040DE1B /* HXPoloHomeTests */,
				96570AAA2213EED70040DE1B /* HXPoloHomeUITests */,
			);
		};
/* End PBXProject section */

/* Begin PBXResourcesBuildPhase section */
		96570A862213EED60040DE1B /* Resources */ = {
			isa = PBXResourcesBuildPhase;
			buildActionMask = 2147483647;
			files = (
				96570A952213EED70040DE1B /* Assets.xcassets in Resources */,
			);
			runOnlyForDeploymentPostprocessing = 0;
		};
		96570A9E2213EED70040DE1B /* Resources */ = {
			isa = PBXResourcesBuildPhase;
			buildActionMask = 2147483647;
			files = (
			);
			runOnlyForDeploymentPostprocessing = 0;
		};
		96570AA92213EED70040DE1B /* Resources */ = {
			isa = PBXResourcesBuildPhase;
			buildActionMask = 2147483647;
			files = (
			);
			runOnlyForDeploymentPostprocessing = 0;
		};
/* End PBXResourcesBuildPhase section */

/* Begin PBXShellScriptBuildPhase section */
		78CD8B03EDDE5699DD03EA7F /* [CP] Check Pods Manifest.lock */ = {
			isa = PBXShellScriptBuildPhase;
			buildActionMask = 2147483647;
			files = (
			);
			inputPaths = (
				"${PODS_PODFILE_DIR_PATH}/Podfile.lock",
				"${PODS_ROOT}/Manifest.lock",
			);
			name = "[CP] Check Pods Manifest.lock";
			outputPaths = (
				"$(DERIVED_FILE_DIR)/Pods-HXPoloHomeUITests-checkManifestLockResult.txt",
			);
			runOnlyForDeploymentPostprocessing = 0;
			shellPath = /bin/sh;
			shellScript = "diff \"${PODS_PODFILE_DIR_PATH}/Podfile.lock\" \"${PODS_ROOT}/Manifest.lock\" > /dev/null\nif [ $? != 0 ] ; then\n    # print error to STDERR\n    echo \"error: The sandbox is not in sync with the Podfile.lock. Run 'pod install' or update your CocoaPods installation.\" >&2\n    exit 1\nfi\n# This output is used by Xcode 'outputs' to avoid re-running this script phase.\necho \"SUCCESS\" > \"${SCRIPT_OUTPUT_FILE_0}\"\n";
			showEnvVarsInLog = 0;
		};
		8BCE6892027EA0B3D720B563 /* [CP] Check Pods Manifest.lock */ = {
			isa = PBXShellScriptBuildPhase;
			buildActionMask = 2147483647;
			files = (
			);
			inputPaths = (
				"${PODS_PODFILE_DIR_PATH}/Podfile.lock",
				"${PODS_ROOT}/Manifest.lock",
			);
			name = "[CP] Check Pods Manifest.lock";
			outputPaths = (
				"$(DERIVED_FILE_DIR)/Pods-HXPoloHome-checkManifestLockResult.txt",
			);
			runOnlyForDeploymentPostprocessing = 0;
			shellPath = /bin/sh;
			shellScript = "diff \"${PODS_PODFILE_DIR_PATH}/Podfile.lock\" \"${PODS_ROOT}/Manifest.lock\" > /dev/null\nif [ $? != 0 ] ; then\n    # print error to STDERR\n    echo \"error: The sandbox is not in sync with the Podfile.lock. Run 'pod install' or update your CocoaPods installation.\" >&2\n    exit 1\nfi\n# This output is used by Xcode 'outputs' to avoid re-running this script phase.\necho \"SUCCESS\" > \"${SCRIPT_OUTPUT_FILE_0}\"\n";
			showEnvVarsInLog = 0;
		};
		BF917335F117EA4216FD0380 /* [CP] Check Pods Manifest.lock */ = {
			isa = PBXShellScriptBuildPhase;
			buildActionMask = 2147483647;
			files = (
			);
			inputPaths = (
				"${PODS_PODFILE_DIR_PATH}/Podfile.lock",
				"${PODS_ROOT}/Manifest.lock",
			);
			name = "[CP] Check Pods Manifest.lock";
			outputPaths = (
				"$(DERIVED_FILE_DIR)/Pods-HXPoloHomeTests-checkManifestLockResult.txt",
			);
			runOnlyForDeploymentPostprocessing = 0;
			shellPath = /bin/sh;
			shellScript = "diff \"${PODS_PODFILE_DIR_PATH}/Podfile.lock\" \"${PODS_ROOT}/Manifest.lock\" > /dev/null\nif [ $? != 0 ] ; then\n    # print error to STDERR\n    echo \"error: The sandbox is not in sync with the Podfile.lock. Run 'pod install' or update your CocoaPods installation.\" >&2\n    exit 1\nfi\n# This output is used by Xcode 'outputs' to avoid re-running this script phase.\necho \"SUCCESS\" > \"${SCRIPT_OUTPUT_FILE_0}\"\n";
			showEnvVarsInLog = 0;
		};
		C547EFE8B8AC4CBAFE3238FE /* [CP] Copy Pods Resources */ = {
			isa = PBXShellScriptBuildPhase;
			buildActionMask = 2147483647;
			files = (
			);
			inputFileListPaths = (
				"${PODS_ROOT}/Target Support Files/Pods-HXPoloHome/Pods-HXPoloHome-resources-${CONFIGURATION}-input-files.xcfilelist",
			);
			name = "[CP] Copy Pods Resources";
			outputFileListPaths = (
				"${PODS_ROOT}/Target Support Files/Pods-HXPoloHome/Pods-HXPoloHome-resources-${CONFIGURATION}-output-files.xcfilelist",
			);
			runOnlyForDeploymentPostprocessing = 0;
			shellPath = /bin/sh;
			shellScript = "\"${PODS_ROOT}/Target Support Files/Pods-HXPoloHome/Pods-HXPoloHome-resources.sh\"\n";
			showEnvVarsInLog = 0;
		};
/* End PBXShellScriptBuildPhase section */

/* Begin PBXSourcesBuildPhase section */
		96570A842213EED60040DE1B /* Sources */ = {
			isa = PBXSourcesBuildPhase;
			buildActionMask = 2147483647;
			files = (
				9668618D2295190200081C47 /* HXMeView.m in Sources */,
				9668615E229511D700081C47 /* UIViewController+HXNaviBar.m in Sources */,
				96AB2CB22275450100470719 /* HXAppLifeCycle.m in Sources */,
				964A3F862340AF5900005835 /* HXWaterFlowLayout.m in Sources */,
				96AB2C9E2275445900470719 /* HXWebController.m in Sources */,
				96E5013A22144D48004ECEAB /* NSArray+HX.m in Sources */,
				966861A72295199400081C47 /* HXMallView.m in Sources */,
				9668619A2295195100081C47 /* HXDiscoverView.m in Sources */,
				961717D4232F86DC009B8A4A /* HXHomeTestController.m in Sources */,
				96E5014922144D8D004ECEAB /* NSMutableData+HX.m in Sources */,
				96AB2C92227543DA00470719 /* HXLoginView.m in Sources */,
				966861962295194100081C47 /* HXDiscoverController.m in Sources */,
				96E5014322144D77004ECEAB /* NSMutableDictionary+HX.m in Sources */,
				96AB2C8F227543CF00470719 /* HXLoginModel.m in Sources */,
				96AB2C88227543A100470719 /* HXModel.m in Sources */,
				96E5013722143164004ECEAB /* NSMutableString+HX.m in Sources */,
				96686176229516A400081C47 /* HXHomeController.m in Sources */,
				96AB2CB7227545CE00470719 /* HXNavigationConfig.m in Sources */,
				966861912295191C00081C47 /* HXMeModel.m in Sources */,
				960B9DDD2351B0BF002B8730 /* UINavigationSXFixSpace.m in Sources */,
				96AB2C95227543E700470719 /* HXLoginController.m in Sources */,
				96E5014F22144E64004ECEAB /* NSDate+HX.m in Sources */,
				964A3F80233DA88700005835 /* HXInheritProxy.m in Sources */,
				966861AB229519AC00081C47 /* HXMallModel.m in Sources */,
				96686161229511ED00081C47 /* HXNavigationBar.m in Sources */,
				96AB2CBA227546E800470719 /* NSObject+HXRuntime.m in Sources */,
				96E5013D22144D50004ECEAB /* NSMutableArray+HX.m in Sources */,
				96AB2CA62275448D00470719 /* HXCrashCenter.m in Sources */,
				9668617E229516DB00081C47 /* HXHomeModel.m in Sources */,
				96E554B622EF4F750025C88C /* HXHomeBisModel.m in Sources */,
				96AB2C992275443200470719 /* HXDataCenter.m in Sources */,
				96E554BC22EF4FE20025C88C /* HXApi.m in Sources */,
				9668616D2295165200081C47 /* HXNFView.m in Sources */,
				96570A9B2213EED70040DE1B /* main.m in Sources */,
				96AB2CAE227544CE00470719 /* HXMonitorCenter.m in Sources */,
				966861712295167D00081C47 /* HXNewFeatureController.m in Sources */,
				96570A8D2213EED60040DE1B /* AppDelegate.m in Sources */,
				9668617A229516B600081C47 /* HXHomeView.m in Sources */,
				966861A32295197E00081C47 /* HXMallController.m in Sources */,
				964A3F7D233D9CBE00005835 /* HXWeakProxy.m in Sources */,
				96E554B322EF4F320025C88C /* HXBusinessModel.m in Sources */,
				96E5014622144D82004ECEAB /* NSData+HX.m in Sources */,
				966861642295120D00081C47 /* HXNavigationController.m in Sources */,
				96E554C222EF53620025C88C /* HXRouterManager.m in Sources */,
				96E5014C22144D98004ECEAB /* UIColor+HX.m in Sources */,
				96E554BF22EF4FFA0025C88C /* HXHomeApi.m in Sources */,
				96E5014022144D59004ECEAB /* NSDictionary+HX.m in Sources */,
				96E554AE22EF4E320025C88C /* HXRouterConfig.m in Sources */,
				96AB2CAA227544B400470719 /* HXNetworkCenter.m in Sources */,
				96AB2C852275439700470719 /* HXBaseController.m in Sources */,
				96686181229517E400081C47 /* HXTabBarController.m in Sources */,
				961717D72330AEE9009B8A4A /* HXFlowLayout.m in Sources */,
				96686189229518F200081C47 /* HXMeController.m in Sources */,
				96570AC02213FBC40040DE1B /* HXConsts.m in Sources */,
				96AB2CA22275447300470719 /* HXLogCenter.m in Sources */,
				966861692295163800081C47 /* HXNFModel.m in Sources */,
				96E501342214314A004ECEAB /* NSString+HX.m in Sources */,
				966861842295180100081C47 /* HXBaseNavigationController.m in Sources */,
				96AB2C822275438300470719 /* HXView.m in Sources */,
				9668619E2295196200081C47 /* HXDiscoverModel.m in Sources */,
			);
			runOnlyForDeploymentPostprocessing = 0;
		};
		96570A9C2213EED70040DE1B /* Sources */ = {
			isa = PBXSourcesBuildPhase;
			buildActionMask = 2147483647;
			files = (
				96570AA52213EED70040DE1B /* HXPoloHomeTests.m in Sources */,
			);
			runOnlyForDeploymentPostprocessing = 0;
		};
		96570AA72213EED70040DE1B /* Sources */ = {
			isa = PBXSourcesBuildPhase;
			buildActionMask = 2147483647;
			files = (
				96570AB02213EED70040DE1B /* HXPoloHomeUITests.m in Sources */,
			);
			runOnlyForDeploymentPostprocessing = 0;
		};
/* End PBXSourcesBuildPhase section */

/* Begin PBXTargetDependency section */
		96570AA22213EED70040DE1B /* PBXTargetDependency */ = {
			isa = PBXTargetDependency;
			target = 96570A872213EED60040DE1B /* HXPoloHome */;
			targetProxy = 96570AA12213EED70040DE1B /* PBXContainerItemProxy */;
		};
		96570AAD2213EED70040DE1B /* PBXTargetDependency */ = {
			isa = PBXTargetDependency;
			target = 96570A872213EED60040DE1B /* HXPoloHome */;
			targetProxy = 96570AAC2213EED70040DE1B /* PBXContainerItemProxy */;
		};
/* End PBXTargetDependency section */

/* Begin XCBuildConfiguration section */
		96570AB22213EED70040DE1B /* Debug */ = {
			isa = XCBuildConfiguration;
			buildSettings = {
				ALWAYS_SEARCH_USER_PATHS = NO;
				CLANG_ANALYZER_NONNULL = YES;
				CLANG_ANALYZER_NUMBER_OBJECT_CONVERSION = YES_AGGRESSIVE;
				CLANG_CXX_LANGUAGE_STANDARD = "gnu++14";
				CLANG_CXX_LIBRARY = "libc++";
				CLANG_ENABLE_MODULES = YES;
				CLANG_ENABLE_OBJC_ARC = YES;
				CLANG_ENABLE_OBJC_WEAK = YES;
				CLANG_WARN_BLOCK_CAPTURE_AUTORELEASING = YES;
				CLANG_WARN_BOOL_CONVERSION = YES;
				CLANG_WARN_COMMA = YES;
				CLANG_WARN_CONSTANT_CONVERSION = YES;
				CLANG_WARN_DEPRECATED_OBJC_IMPLEMENTATIONS = YES;
				CLANG_WARN_DIRECT_OBJC_ISA_USAGE = YES_ERROR;
				CLANG_WARN_DOCUMENTATION_COMMENTS = YES;
				CLANG_WARN_EMPTY_BODY = YES;
				CLANG_WARN_ENUM_CONVERSION = YES;
				CLANG_WARN_INFINITE_RECURSION = YES;
				CLANG_WARN_INT_CONVERSION = YES;
				CLANG_WARN_NON_LITERAL_NULL_CONVERSION = YES;
				CLANG_WARN_OBJC_IMPLICIT_RETAIN_SELF = YES;
				CLANG_WARN_OBJC_LITERAL_CONVERSION = YES;
				CLANG_WARN_OBJC_ROOT_CLASS = YES_ERROR;
				CLANG_WARN_RANGE_LOOP_ANALYSIS = YES;
				CLANG_WARN_STRICT_PROTOTYPES = YES;
				CLANG_WARN_SUSPICIOUS_MOVE = YES;
				CLANG_WARN_UNGUARDED_AVAILABILITY = YES_AGGRESSIVE;
				CLANG_WARN_UNREACHABLE_CODE = YES;
				CLANG_WARN__DUPLICATE_METHOD_MATCH = YES;
				CODE_SIGN_IDENTITY = "iPhone Developer";
				COPY_PHASE_STRIP = NO;
				DEBUG_INFORMATION_FORMAT = dwarf;
				ENABLE_STRICT_OBJC_MSGSEND = YES;
				ENABLE_TESTABILITY = YES;
				GCC_C_LANGUAGE_STANDARD = gnu11;
				GCC_DYNAMIC_NO_PIC = NO;
				GCC_NO_COMMON_BLOCKS = YES;
				GCC_OPTIMIZATION_LEVEL = 0;
				GCC_PREPROCESSOR_DEFINITIONS = (
					"DEBUG=1",
					"$(inherited)",
				);
				GCC_WARN_64_TO_32_BIT_CONVERSION = YES;
				GCC_WARN_ABOUT_RETURN_TYPE = YES_ERROR;
				GCC_WARN_UNDECLARED_SELECTOR = YES;
				GCC_WARN_UNINITIALIZED_AUTOS = YES_AGGRESSIVE;
				GCC_WARN_UNUSED_FUNCTION = YES;
				GCC_WARN_UNUSED_VARIABLE = YES;
				IPHONEOS_DEPLOYMENT_TARGET = 12.1;
				MTL_ENABLE_DEBUG_INFO = INCLUDE_SOURCE;
				MTL_FAST_MATH = YES;
				ONLY_ACTIVE_ARCH = YES;
				SDKROOT = iphoneos;
			};
			name = Debug;
		};
		96570AB32213EED70040DE1B /* Release */ = {
			isa = XCBuildConfiguration;
			buildSettings = {
				ALWAYS_SEARCH_USER_PATHS = NO;
				CLANG_ANALYZER_NONNULL = YES;
				CLANG_ANALYZER_NUMBER_OBJECT_CONVERSION = YES_AGGRESSIVE;
				CLANG_CXX_LANGUAGE_STANDARD = "gnu++14";
				CLANG_CXX_LIBRARY = "libc++";
				CLANG_ENABLE_MODULES = YES;
				CLANG_ENABLE_OBJC_ARC = YES;
				CLANG_ENABLE_OBJC_WEAK = YES;
				CLANG_WARN_BLOCK_CAPTURE_AUTORELEASING = YES;
				CLANG_WARN_BOOL_CONVERSION = YES;
				CLANG_WARN_COMMA = YES;
				CLANG_WARN_CONSTANT_CONVERSION = YES;
				CLANG_WARN_DEPRECATED_OBJC_IMPLEMENTATIONS = YES;
				CLANG_WARN_DIRECT_OBJC_ISA_USAGE = YES_ERROR;
				CLANG_WARN_DOCUMENTATION_COMMENTS = YES;
				CLANG_WARN_EMPTY_BODY = YES;
				CLANG_WARN_ENUM_CONVERSION = YES;
				CLANG_WARN_INFINITE_RECURSION = YES;
				CLANG_WARN_INT_CONVERSION = YES;
				CLANG_WARN_NON_LITERAL_NULL_CONVERSION = YES;
				CLANG_WARN_OBJC_IMPLICIT_RETAIN_SELF = YES;
				CLANG_WARN_OBJC_LITERAL_CONVERSION = YES;
				CLANG_WARN_OBJC_ROOT_CLASS = YES_ERROR;
				CLANG_WARN_RANGE_LOOP_ANALYSIS = YES;
				CLANG_WARN_STRICT_PROTOTYPES = YES;
				CLANG_WARN_SUSPICIOUS_MOVE = YES;
				CLANG_WARN_UNGUARDED_AVAILABILITY = YES_AGGRESSIVE;
				CLANG_WARN_UNREACHABLE_CODE = YES;
				CLANG_WARN__DUPLICATE_METHOD_MATCH = YES;
				CODE_SIGN_IDENTITY = "iPhone Developer";
				COPY_PHASE_STRIP = NO;
				DEBUG_INFORMATION_FORMAT = "dwarf-with-dsym";
				ENABLE_NS_ASSERTIONS = NO;
				ENABLE_STRICT_OBJC_MSGSEND = YES;
				GCC_C_LANGUAGE_STANDARD = gnu11;
				GCC_NO_COMMON_BLOCKS = YES;
				GCC_WARN_64_TO_32_BIT_CONVERSION = YES;
				GCC_WARN_ABOUT_RETURN_TYPE = YES_ERROR;
				GCC_WARN_UNDECLARED_SELECTOR = YES;
				GCC_WARN_UNINITIALIZED_AUTOS = YES_AGGRESSIVE;
				GCC_WARN_UNUSED_FUNCTION = YES;
				GCC_WARN_UNUSED_VARIABLE = YES;
				IPHONEOS_DEPLOYMENT_TARGET = 12.1;
				MTL_ENABLE_DEBUG_INFO = NO;
				MTL_FAST_MATH = YES;
				SDKROOT = iphoneos;
				VALIDATE_PRODUCT = YES;
			};
			name = Release;
		};
		96570AB52213EED70040DE1B /* Debug */ = {
			isa = XCBuildConfiguration;
			baseConfigurationReference = 83E88470EF65B3407E8ADCD0 /* Pods-HXPoloHome.debug.xcconfig */;
			buildSettings = {
				ASSETCATALOG_COMPILER_APPICON_NAME = AppIcon;
				ASSETCATALOG_COMPILER_LAUNCHIMAGE_NAME = LaunchImage;
				CODE_SIGN_STYLE = Automatic;
				DEVELOPMENT_TEAM = ZY4PSG2M6R;
				GCC_PRECOMPILE_PREFIX_HEADER = YES;
				GCC_PREFIX_HEADER = HXPoloHome/HXMacros/HXPoloHomePch.pch;
				INFOPLIST_FILE = HXPoloHome/Info.plist;
				LD_RUNPATH_SEARCH_PATHS = (
					"$(inherited)",
					"@executable_path/Frameworks",
				);
				PRODUCT_BUNDLE_IDENTIFIER = com.xwkj.HXPoloHome;
				PRODUCT_NAME = "$(TARGET_NAME)";
				TARGETED_DEVICE_FAMILY = 1;
			};
			name = Debug;
		};
		96570AB62213EED70040DE1B /* Release */ = {
			isa = XCBuildConfiguration;
			baseConfigurationReference = EFBA17E36AEA8F5173ACD2A0 /* Pods-HXPoloHome.release.xcconfig */;
			buildSettings = {
				ASSETCATALOG_COMPILER_APPICON_NAME = AppIcon;
				ASSETCATALOG_COMPILER_LAUNCHIMAGE_NAME = LaunchImage;
				CODE_SIGN_STYLE = Automatic;
				DEVELOPMENT_TEAM = ZY4PSG2M6R;
				GCC_PRECOMPILE_PREFIX_HEADER = YES;
				GCC_PREFIX_HEADER = HXPoloHome/HXMacros/HXPoloHomePch.pch;
				INFOPLIST_FILE = HXPoloHome/Info.plist;
				LD_RUNPATH_SEARCH_PATHS = (
					"$(inherited)",
					"@executable_path/Frameworks",
				);
				PRODUCT_BUNDLE_IDENTIFIER = com.xwkj.HXPoloHome;
				PRODUCT_NAME = "$(TARGET_NAME)";
				TARGETED_DEVICE_FAMILY = 1;
			};
			name = Release;
		};
		96570AB82213EED70040DE1B /* Debug */ = {
			isa = XCBuildConfiguration;
			baseConfigurationReference = BE2AC74C4AFB40639A2F64E4 /* Pods-HXPoloHomeTests.debug.xcconfig */;
			buildSettings = {
				BUNDLE_LOADER = "$(TEST_HOST)";
				CODE_SIGN_STYLE = Automatic;
				DEVELOPMENT_TEAM = ZY4PSG2M6R;
				INFOPLIST_FILE = HXPoloHomeTests/Info.plist;
				LD_RUNPATH_SEARCH_PATHS = (
					"$(inherited)",
					"@executable_path/Frameworks",
					"@loader_path/Frameworks",
				);
				PRODUCT_BUNDLE_IDENTIFIER = com.xwkj.HXPoloHomeTests;
				PRODUCT_NAME = "$(TARGET_NAME)";
				TARGETED_DEVICE_FAMILY = "1,2";
				TEST_HOST = "$(BUILT_PRODUCTS_DIR)/HXPoloHome.app/HXPoloHome";
			};
			name = Debug;
		};
		96570AB92213EED70040DE1B /* Release */ = {
			isa = XCBuildConfiguration;
			baseConfigurationReference = CD7030C539265CD2554C53D8 /* Pods-HXPoloHomeTests.release.xcconfig */;
			buildSettings = {
				BUNDLE_LOADER = "$(TEST_HOST)";
				CODE_SIGN_STYLE = Automatic;
				DEVELOPMENT_TEAM = ZY4PSG2M6R;
				INFOPLIST_FILE = HXPoloHomeTests/Info.plist;
				LD_RUNPATH_SEARCH_PATHS = (
					"$(inherited)",
					"@executable_path/Frameworks",
					"@loader_path/Frameworks",
				);
				PRODUCT_BUNDLE_IDENTIFIER = com.xwkj.HXPoloHomeTests;
				PRODUCT_NAME = "$(TARGET_NAME)";
				TARGETED_DEVICE_FAMILY = "1,2";
				TEST_HOST = "$(BUILT_PRODUCTS_DIR)/HXPoloHome.app/HXPoloHome";
			};
			name = Release;
		};
		96570ABB2213EED70040DE1B /* Debug */ = {
			isa = XCBuildConfiguration;
			baseConfigurationReference = CDC840A1BA606F470F864966 /* Pods-HXPoloHomeUITests.debug.xcconfig */;
			buildSettings = {
				CODE_SIGN_STYLE = Automatic;
				DEVELOPMENT_TEAM = ZY4PSG2M6R;
				INFOPLIST_FILE = HXPoloHomeUITests/Info.plist;
				LD_RUNPATH_SEARCH_PATHS = (
					"$(inherited)",
					"@executable_path/Frameworks",
					"@loader_path/Frameworks",
				);
				PRODUCT_BUNDLE_IDENTIFIER = com.xwkj.HXPoloHomeUITests;
				PRODUCT_NAME = "$(TARGET_NAME)";
				TARGETED_DEVICE_FAMILY = "1,2";
				TEST_TARGET_NAME = HXPoloHome;
			};
			name = Debug;
		};
		96570ABC2213EED70040DE1B /* Release */ = {
			isa = XCBuildConfiguration;
			baseConfigurationReference = BC605B6CFF3EFED84B8D07F1 /* Pods-HXPoloHomeUITests.release.xcconfig */;
			buildSettings = {
				CODE_SIGN_STYLE = Automatic;
				DEVELOPMENT_TEAM = ZY4PSG2M6R;
				INFOPLIST_FILE = HXPoloHomeUITests/Info.plist;
				LD_RUNPATH_SEARCH_PATHS = (
					"$(inherited)",
					"@executable_path/Frameworks",
					"@loader_path/Frameworks",
				);
				PRODUCT_BUNDLE_IDENTIFIER = com.xwkj.HXPoloHomeUITests;
				PRODUCT_NAME = "$(TARGET_NAME)";
				TARGETED_DEVICE_FAMILY = "1,2";
				TEST_TARGET_NAME = HXPoloHome;
			};
			name = Release;
		};
/* End XCBuildConfiguration section */

/* Begin XCConfigurationList section */
		96570A832213EED60040DE1B /* Build configuration list for PBXProject "HXPoloHome" */ = {
			isa = XCConfigurationList;
			buildConfigurations = (
				96570AB22213EED70040DE1B /* Debug */,
				96570AB32213EED70040DE1B /* Release */,
			);
			defaultConfigurationIsVisible = 0;
			defaultConfigurationName = Release;
		};
		96570AB42213EED70040DE1B /* Build configuration list for PBXNativeTarget "HXPoloHome" */ = {
			isa = XCConfigurationList;
			buildConfigurations = (
				96570AB52213EED70040DE1B /* Debug */,
				96570AB62213EED70040DE1B /* Release */,
			);
			defaultConfigurationIsVisible = 0;
			defaultConfigurationName = Release;
		};
		96570AB72213EED70040DE1B /* Build configuration list for PBXNativeTarget "HXPoloHomeTests" */ = {
			isa = XCConfigurationList;
			buildConfigurations = (
				96570AB82213EED70040DE1B /* Debug */,
				96570AB92213EED70040DE1B /* Release */,
			);
			defaultConfigurationIsVisible = 0;
			defaultConfigurationName = Release;
		};
		96570ABA2213EED70040DE1B /* Build configuration list for PBXNativeTarget "HXPoloHomeUITests" */ = {
			isa = XCConfigurationList;
			buildConfigurations = (
				96570ABB2213EED70040DE1B /* Debug */,
				96570ABC2213EED70040DE1B /* Release */,
			);
			defaultConfigurationIsVisible = 0;
			defaultConfigurationName = Release;
		};
/* End XCConfigurationList section */
	};
	rootObject = 96570A802213EED60040DE1B /* Project object */;
}
